
Microsoft Visual Studio Solution File, Format Version 12.00
# Visual Studio Version 16
VisualStudioVersion = 16.0.29318.209
MinimumVisualStudioVersion = 10.0.40219.1
Project("{FAE04EC0-301F-11D3-BF4B-00C04F79EFBC}") = "pouriaztab2", "pouriaztab2\pouriaztab2.csproj", "{4435543C-89A4-4A65-842C-F02438AD91CF}"
EndProject
Global
	GlobalSection(SolutionConfigurationPlatforms) = preSolution
		Debug|Any CPU = Debug|Any CPU
		Release|Any CPU = Release|Any CPU
	EndGlobalSection
	GlobalSection(ProjectConfigurationPlatforms) = postSolution
		{4435543C-89A4-4A65-842C-F02438AD91CF}.Debug|Any CPU.ActiveCfg = Debug|Any CPU
		{4435543C-89A4-4A65-842C-F02438AD91CF}.Debug|Any CPU.Build.0 = Debug|Any CPU
		{4435543C-89A4-4A65-842C-F02438AD91CF}.Release|Any CPU.ActiveCfg = Release|Any CPU
		{4435543C-89A4-4A65-842C-F02438AD91CF}.Release|Any CPU.Build.0 = Release|Any CPU
	EndGlobalSection
	GlobalSection(SolutionProperties) = preSolution
		HideSolutionNode = FALSE
	EndGlobalSection
	GlobalSection(ExtensibilityGlobals) = postSolution
		SolutionGuid = {845194C6-A7D2-4514-9696-D3DBFE66F9B1}
	EndGlobalSection
EndGlobal
